
Microsoft Visual Studio Solution File, Format Version 12.00
# Visual Studio 15
VisualStudioVersion = 15.0.26730.10
MinimumVisualStudioVersion = 10.0.40219.1
Project("{FAE04EC0-301F-11D3-BF4B-00C04F79EFBC}") = "KittehPlayer", "KittehPlayer\KittehPlayer.csproj", "{0CD7169A-6F1A-4FBF-87E7-3023A17C862A}"
EndProject
Global
	GlobalSection(SolutionConfigurationPlatforms) = preSolution
		Debug|Any CPU = Debug|Any CPU
		Release|Any CPU = Release|Any CPU
	EndGlobalSection
	GlobalSection(ProjectConfigurationPlatforms) = postSolution
		{0CD7169A-6F1A-4FBF-87E7-3023A17C862A}.Debug|Any CPU.ActiveCfg = Debug|Any CPU
		{0CD7169A-6F1A-4FBF-87E7-3023A17C862A}.Debug|Any CPU.Build.0 = Debug|Any CPU
		{0CD7169A-6F1A-4FBF-87E7-3023A17C862A}.Release|Any CPU.ActiveCfg = Release|Any CPU
		{0CD7169A-6F1A-4FBF-87E7-3023A17C862A}.Release|Any CPU.Build.0 = Release|Any CPU
	EndGlobalSection
	GlobalSection(SolutionProperties) = preSolution
		HideSolutionNode = FALSE
	EndGlobalSection
	GlobalSection(ExtensibilityGlobals) = postSolution
		SolutionGuid = {004BEECF-8278-436F-8ABA-F89BA94EA8D5}
	EndGlobalSection
EndGlobal
